
Microsoft Visual Studio Solution File, Format Version 12.00
# Visual Studio Version 17
VisualStudioVersion = 17.5.33627.172
MinimumVisualStudioVersion = 10.0.40219.1
Project("{FAE04EC0-301F-11D3-BF4B-00C04F79EFBC}") = "ChatRPG", "ChatRPG\ChatRPG.csproj", "{02177064-5C6F-4AD0-A3E2-8FDE212D1B8E}"
EndProject
Project("{FAE04EC0-301F-11D3-BF4B-00C04F79EFBC}") = "ChatRPGTests", "ChatRPGTests\ChatRPGTests.csproj", "{38AA38FA-5260-4499-8448-97F1D962035B}"
EndProject
Project("{FAE04EC0-301F-11D3-BF4B-00C04F79EFBC}") = "ChatRPG.Domain", "ChatRPG.Domain\ChatRPG.Domain.csproj", "{AE66B075-2D7D-4B37-864F-6BA22C3BB4D4}"
EndProject
Project("{FAE04EC0-301F-11D3-BF4B-00C04F79EFBC}") = "ChatRPG.Infrastructure", "ChatRPG.Infrastructure\ChatRPG.Infrastructure.csproj", "{0AE77518-6C38-43B3-8DA7-D868BC4CA344}"
EndProject
Project("{FAE04EC0-301F-11D3-BF4B-00C04F79EFBC}") = "ChatRPG.Application", "ChatRPG.Application\ChatRPG.Application.csproj", "{87CF7941-71F1-49E3-96A0-612F6FD569E8}"
EndProject
Project("{FAE04EC0-301F-11D3-BF4B-00C04F79EFBC}") = "ChatRPG.Agents", "ChatRPG.Agents\ChatRPG.Agents.csproj", "{B66C94F5-E9C6-42F3-AC2B-27BC716B7A23}"
EndProject
Project("{FAE04EC0-301F-11D3-BF4B-00C04F79EFBC}") = "ChatRPG.Agents.Tests", "ChatRPG.Agents.Tests\ChatRPG.Agents.Tests.csproj", "{91293641-71CB-4AFB-9F7C-B44B5CAFB05B}"
EndProject
Project("{2150E333-8FDC-42A3-9474-1A3956D46DE8}") = "tests", "tests", "{9546E029-817A-4C18-9B4B-1FA080433424}"
EndProject
Project("{FAE04EC0-301F-11D3-BF4B-00C04F79EFBC}") = "ChatRPG.Visualization.Graphviz", "ChatRPG.Visualization.Graphviz\ChatRPG.Visualization.Graphviz.csproj", "{4EA5189D-E9C2-43C7-960C-700EBBD1F83D}"
EndProject
Global
	GlobalSection(SolutionConfigurationPlatforms) = preSolution
		Debug|Any CPU = Debug|Any CPU
		Debug|x64 = Debug|x64
		Debug|x86 = Debug|x86
		Release|Any CPU = Release|Any CPU
		Release|x64 = Release|x64
		Release|x86 = Release|x86
	EndGlobalSection
	GlobalSection(ProjectConfigurationPlatforms) = postSolution
		{02177064-5C6F-4AD0-A3E2-8FDE212D1B8E}.Debug|Any CPU.ActiveCfg = Debug|Any CPU
		{02177064-5C6F-4AD0-A3E2-8FDE212D1B8E}.Debug|Any CPU.Build.0 = Debug|Any CPU
		{02177064-5C6F-4AD0-A3E2-8FDE212D1B8E}.Debug|x64.ActiveCfg = Debug|Any CPU
		{02177064-5C6F-4AD0-A3E2-8FDE212D1B8E}.Debug|x64.Build.0 = Debug|Any CPU
		{02177064-5C6F-4AD0-A3E2-8FDE212D1B8E}.Debug|x86.ActiveCfg = Debug|Any CPU
		{02177064-5C6F-4AD0-A3E2-8FDE212D1B8E}.Debug|x86.Build.0 = Debug|Any CPU
		{02177064-5C6F-4AD0-A3E2-8FDE212D1B8E}.Release|Any CPU.ActiveCfg = Release|Any CPU
		{02177064-5C6F-4AD0-A3E2-8FDE212D1B8E}.Release|Any CPU.Build.0 = Release|Any CPU
		{02177064-5C6F-4AD0-A3E2-8FDE212D1B8E}.Release|x64.ActiveCfg = Release|Any CPU
		{02177064-5C6F-4AD0-A3E2-8FDE212D1B8E}.Release|x64.Build.0 = Release|Any CPU
		{02177064-5C6F-4AD0-A3E2-8FDE212D1B8E}.Release|x86.ActiveCfg = Release|Any CPU
		{02177064-5C6F-4AD0-A3E2-8FDE212D1B8E}.Release|x86.Build.0 = Release|Any CPU
		{38AA38FA-5260-4499-8448-97F1D962035B}.Debug|Any CPU.ActiveCfg = Debug|Any CPU
		{38AA38FA-5260-4499-8448-97F1D962035B}.Debug|Any CPU.Build.0 = Debug|Any CPU
		{38AA38FA-5260-4499-8448-97F1D962035B}.Debug|x64.ActiveCfg = Debug|Any CPU
		{38AA38FA-5260-4499-8448-97F1D962035B}.Debug|x64.Build.0 = Debug|Any CPU
		{38AA38FA-5260-4499-8448-97F1D962035B}.Debug|x86.ActiveCfg = Debug|Any CPU
		{38AA38FA-5260-4499-8448-97F1D962035B}.Debug|x86.Build.0 = Debug|Any CPU
		{38AA38FA-5260-4499-8448-97F1D962035B}.Release|Any CPU.ActiveCfg = Release|Any CPU
		{38AA38FA-5260-4499-8448-97F1D962035B}.Release|Any CPU.Build.0 = Release|Any CPU
		{38AA38FA-5260-4499-8448-97F1D962035B}.Release|x64.ActiveCfg = Release|Any CPU
		{38AA38FA-5260-4499-8448-97F1D962035B}.Release|x64.Build.0 = Release|Any CPU
		{38AA38FA-5260-4499-8448-97F1D962035B}.Release|x86.ActiveCfg = Release|Any CPU
		{38AA38FA-5260-4499-8448-97F1D962035B}.Release|x86.Build.0 = Release|Any CPU
		{AE66B075-2D7D-4B37-864F-6BA22C3BB4D4}.Debug|Any CPU.ActiveCfg = Debug|Any CPU
		{AE66B075-2D7D-4B37-864F-6BA22C3BB4D4}.Debug|Any CPU.Build.0 = Debug|Any CPU
		{AE66B075-2D7D-4B37-864F-6BA22C3BB4D4}.Debug|x64.ActiveCfg = Debug|Any CPU
		{AE66B075-2D7D-4B37-864F-6BA22C3BB4D4}.Debug|x64.Build.0 = Debug|Any CPU
		{AE66B075-2D7D-4B37-864F-6BA22C3BB4D4}.Debug|x86.ActiveCfg = Debug|Any CPU
		{AE66B075-2D7D-4B37-864F-6BA22C3BB4D4}.Debug|x86.Build.0 = Debug|Any CPU
		{AE66B075-2D7D-4B37-864F-6BA22C3BB4D4}.Release|Any CPU.ActiveCfg = Release|Any CPU
		{AE66B075-2D7D-4B37-864F-6BA22C3BB4D4}.Release|Any CPU.Build.0 = Release|Any CPU
		{AE66B075-2D7D-4B37-864F-6BA22C3BB4D4}.Release|x64.ActiveCfg = Release|Any CPU
		{AE66B075-2D7D-4B37-864F-6BA22C3BB4D4}.Release|x64.Build.0 = Release|Any CPU
		{AE66B075-2D7D-4B37-864F-6BA22C3BB4D4}.Release|x86.ActiveCfg = Release|Any CPU
		{AE66B075-2D7D-4B37-864F-6BA22C3BB4D4}.Release|x86.Build.0 = Release|Any CPU
		{0AE77518-6C38-43B3-8DA7-D868BC4CA344}.Debug|Any CPU.ActiveCfg = Debug|Any CPU
		{0AE77518-6C38-43B3-8DA7-D868BC4CA344}.Debug|Any CPU.Build.0 = Debug|Any CPU
		{0AE77518-6C38-43B3-8DA7-D868BC4CA344}.Debug|x64.ActiveCfg = Debug|Any CPU
		{0AE77518-6C38-43B3-8DA7-D868BC4CA344}.Debug|x64.Build.0 = Debug|Any CPU
		{0AE77518-6C38-43B3-8DA7-D868BC4CA344}.Debug|x86.ActiveCfg = Debug|Any CPU
		{0AE77518-6C38-43B3-8DA7-D868BC4CA344}.Debug|x86.Build.0 = Debug|Any CPU
		{0AE77518-6C38-43B3-8DA7-D868BC4CA344}.Release|Any CPU.ActiveCfg = Release|Any CPU
		{0AE77518-6C38-43B3-8DA7-D868BC4CA344}.Release|Any CPU.Build.0 = Release|Any CPU
		{0AE77518-6C38-43B3-8DA7-D868BC4CA344}.Release|x64.ActiveCfg = Release|Any CPU
		{0AE77518-6C38-43B3-8DA7-D868BC4CA344}.Release|x64.Build.0 = Release|Any CPU
		{0AE77518-6C38-43B3-8DA7-D868BC4CA344}.Release|x86.ActiveCfg = Release|Any CPU
		{0AE77518-6C38-43B3-8DA7-D868BC4CA344}.Release|x86.Build.0 = Release|Any CPU
		{87CF7941-71F1-49E3-96A0-612F6FD569E8}.Debug|Any CPU.ActiveCfg = Debug|Any CPU
		{87CF7941-71F1-49E3-96A0-612F6FD569E8}.Debug|Any CPU.Build.0 = Debug|Any CPU
		{87CF7941-71F1-49E3-96A0-612F6FD569E8}.Debug|x64.ActiveCfg = Debug|Any CPU
		{87CF7941-71F1-49E3-96A0-612F6FD569E8}.Debug|x64.Build.0 = Debug|Any CPU
		{87CF7941-71F1-49E3-96A0-612F6FD569E8}.Debug|x86.ActiveCfg = Debug|Any CPU
		{87CF7941-71F1-49E3-96A0-612F6FD569E8}.Debug|x86.Build.0 = Debug|Any CPU
		{87CF7941-71F1-49E3-96A0-612F6FD569E8}.Release|Any CPU.ActiveCfg = Release|Any CPU
		{87CF7941-71F1-49E3-96A0-612F6FD569E8}.Release|Any CPU.Build.0 = Release|Any CPU
		{87CF7941-71F1-49E3-96A0-612F6FD569E8}.Release|x64.ActiveCfg = Release|Any CPU
		{87CF7941-71F1-49E3-96A0-612F6FD569E8}.Release|x64.Build.0 = Release|Any CPU
		{87CF7941-71F1-49E3-96A0-612F6FD569E8}.Release|x86.ActiveCfg = Release|Any CPU
		{87CF7941-71F1-49E3-96A0-612F6FD569E8}.Release|x86.Build.0 = Release|Any CPU
		{B66C94F5-E9C6-42F3-AC2B-27BC716B7A23}.Debug|Any CPU.ActiveCfg = Debug|Any CPU
		{B66C94F5-E9C6-42F3-AC2B-27BC716B7A23}.Debug|Any CPU.Build.0 = Debug|Any CPU
		{B66C94F5-E9C6-42F3-AC2B-27BC716B7A23}.Debug|x64.ActiveCfg = Debug|Any CPU
		{B66C94F5-E9C6-42F3-AC2B-27BC716B7A23}.Debug|x64.Build.0 = Debug|Any CPU
		{B66C94F5-E9C6-42F3-AC2B-27BC716B7A23}.Debug|x86.ActiveCfg = Debug|Any CPU
		{B66C94F5-E9C6-42F3-AC2B-27BC716B7A23}.Debug|x86.Build.0 = Debug|Any CPU
		{B66C94F5-E9C6-42F3-AC2B-27BC716B7A23}.Release|Any CPU.ActiveCfg = Release|Any CPU
		{B66C94F5-E9C6-42F3-AC2B-27BC716B7A23}.Release|Any CPU.Build.0 = Release|Any CPU
		{B66C94F5-E9C6-42F3-AC2B-27BC716B7A23}.Release|x64.ActiveCfg = Release|Any CPU
		{B66C94F5-E9C6-42F3-AC2B-27BC716B7A23}.Release|x64.Build.0 = Release|Any CPU
		{B66C94F5-E9C6-42F3-AC2B-27BC716B7A23}.Release|x86.ActiveCfg = Release|Any CPU
		{B66C94F5-E9C6-42F3-AC2B-27BC716B7A23}.Release|x86.Build.0 = Release|Any CPU
		{91293641-71CB-4AFB-9F7C-B44B5CAFB05B}.Debug|Any CPU.ActiveCfg = Debug|Any CPU
		{91293641-71CB-4AFB-9F7C-B44B5CAFB05B}.Debug|Any CPU.Build.0 = Debug|Any CPU
		{91293641-71CB-4AFB-9F7C-B44B5CAFB05B}.Debug|x64.ActiveCfg = Debug|Any CPU
		{91293641-71CB-4AFB-9F7C-B44B5CAFB05B}.Debug|x64.Build.0 = Debug|Any CPU
		{91293641-71CB-4AFB-9F7C-B44B5CAFB05B}.Debug|x86.ActiveCfg = Debug|Any CPU
		{91293641-71CB-4AFB-9F7C-B44B5CAFB05B}.Debug|x86.Build.0 = Debug|Any CPU
		{91293641-71CB-4AFB-9F7C-B44B5CAFB05B}.Release|Any CPU.ActiveCfg = Release|Any CPU
		{91293641-71CB-4AFB-9F7C-B44B5CAFB05B}.Release|Any CPU.Build.0 = Release|Any CPU
		{91293641-71CB-4AFB-9F7C-B44B5CAFB05B}.Release|x64.ActiveCfg = Release|Any CPU
		{91293641-71CB-4AFB-9F7C-B44B5CAFB05B}.Release|x64.Build.0 = Release|Any CPU
		{91293641-71CB-4AFB-9F7C-B44B5CAFB05B}.Release|x86.ActiveCfg = Release|Any CPU
		{91293641-71CB-4AFB-9F7C-B44B5CAFB05B}.Release|x86.Build.0 = Release|Any CPU
		{4EA5189D-E9C2-43C7-960C-700EBBD1F83D}.Debug|Any CPU.ActiveCfg = Debug|Any CPU
		{4EA5189D-E9C2-43C7-960C-700EBBD1F83D}.Debug|Any CPU.Build.0 = Debug|Any CPU
		{4EA5189D-E9C2-43C7-960C-700EBBD1F83D}.Debug|x64.ActiveCfg = Debug|Any CPU
		{4EA5189D-E9C2-43C7-960C-700EBBD1F83D}.Debug|x64.Build.0 = Debug|Any CPU
		{4EA5189D-E9C2-43C7-960C-700EBBD1F83D}.Debug|x86.ActiveCfg = Debug|Any CPU
		{4EA5189D-E9C2-43C7-960C-700EBBD1F83D}.Debug|x86.Build.0 = Debug|Any CPU
		{4EA5189D-E9C2-43C7-960C-700EBBD1F83D}.Release|Any CPU.ActiveCfg = Release|Any CPU
		{4EA5189D-E9C2-43C7-960C-700EBBD1F83D}.Release|Any CPU.Build.0 = Release|Any CPU
		{4EA5189D-E9C2-43C7-960C-700EBBD1F83D}.Release|x64.ActiveCfg = Release|Any CPU
		{4EA5189D-E9C2-43C7-960C-700EBBD1F83D}.Release|x64.Build.0 = Release|Any CPU
		{4EA5189D-E9C2-43C7-960C-700EBBD1F83D}.Release|x86.ActiveCfg = Release|Any CPU
		{4EA5189D-E9C2-43C7-960C-700EBBD1F83D}.Release|x86.Build.0 = Release|Any CPU
	EndGlobalSection
	GlobalSection(SolutionProperties) = preSolution
		HideSolutionNode = FALSE
	EndGlobalSection
	GlobalSection(ExtensibilityGlobals) = postSolution
		SolutionGuid = {C295D6DB-9306-4076-BBE0-8768627A7388}
	EndGlobalSection
	GlobalSection(NestedProjects) = preSolution
		{91293641-71CB-4AFB-9F7C-B44B5CAFB05B} = {9546E029-817A-4C18-9B4B-1FA080433424}
	EndGlobalSection
EndGlobal
